github.com/confluentinc/confluent-kafka-go v1.9.2 h1:gV/GxhMBUb03tFWkN+7kdhg+zf+QUM+wVkI9zwh770Q=
github.com/confluentinc/confluent-kafka-go v1.9.2/go.mod h1:ptXNqsuDfYbAE/LBW6pnwWZElUoWxHoV8E43DCrliyo=
github.com/joho/godotenv v1.4.0 h1:3l4+N6zfMWnkbPEXKng2o2/MR5mSwTrBih4ZEkkz1lg=
github.com/joho/godotenv v1.4.0/go.mod h1:f4LDr5Voq0i2e/R5DDNOoa2zzDfwtkZa6DnEwAbqwq4=
